# This file was autogenerated by Stack.
# You should not edit this file by hand.
# For more information, please see the documentation at:
#   https://docs.haskellstack.org/en/stable/lock_files

packages:
- completed:
    hackage: amazonka-1.6.1@sha256:f58b63e83876f93aa03c54e54b3eb8ba9358af93819d41f4a5a8f8b7d8b8399c,3544
    pantry-tree:
      size: 992
      sha256: d792656a70ee42df262a599bc6608bda069e33092d665c3438a6eeeaf7db4fb2
  original:
    hackage: amazonka-1.6.1@sha256:f58b63e83876f93aa03c54e54b3eb8ba9358af93819d41f4a5a8f8b7d8b8399c,3544
- completed:
    hackage: amazonka-core-1.6.1@sha256:9bc59ce403c6eeba3b3eaf3f10e5f0b6a33b6edbbf8f6de0dd6f4c67b86fa698,5135
    pantry-tree:
      size: 3438
      sha256: c13e643176308771491ec0e06390e269047bb1b28be4535992842f7426a95eb4
  original:
    hackage: amazonka-core-1.6.1@sha256:9bc59ce403c6eeba3b3eaf3f10e5f0b6a33b6edbbf8f6de0dd6f4c67b86fa698,5135
- completed:
    hackage: amazonka-lambda-1.6.1@sha256:395f48418da98b6c8853c7751e08464eee7b9140683c0b6f19b54c4b21699b5d,4231
    pantry-tree:
      size: 7461
      sha256: 5689d99657ec128bad74fa506524bc6c5c0309c6e90aeaf4197c317f8b39dbfc
  original:
    hackage: amazonka-lambda-1.6.1@sha256:395f48418da98b6c8853c7751e08464eee7b9140683c0b6f19b54c4b21699b5d,4231
- completed:
    hackage: amazonka-ses-1.6.1@sha256:335796c855121ca34affd35097676587d5ebe0b2e576da42faaedd9d163881b0,6425
    pantry-tree:
      size: 18151
      sha256: 1b4746acac660d5418731b3972c4ff2285ee3435c709dfda67df49665f781d0a
  original:
    hackage: amazonka-ses-1.6.1@sha256:335796c855121ca34affd35097676587d5ebe0b2e576da42faaedd9d163881b0,6425
- completed:
    hackage: mime-0.4.0.2@sha256:208947d9d1a19d08850be67ecb28c6e776db697f3bba05bd9d682e51a59f241f,983
    pantry-tree:
      size: 565
      sha256: f2529a2e1678074ca0340ff60caa986f4e246d7d9abe8186657910c2900364bb
  original:
    hackage: mime-0.4.0.2
- completed:
    hackage: squeal-postgresql-0.5.1.0@sha256:731c2bc1dbf3b02ffc8a3fe2b9215655c2b8e06aa49d18cd6ae66d91de03391f,3449
    pantry-tree:
      size: 2959
      sha256: bbd3ee0aff2c824b5184ce62ca801d073c2c1ce1ece0af51c994891fe9e40f47
  original:
    hackage: squeal-postgresql-0.5.1.0
- completed:
    hackage: time-units-1.0.0@sha256:27cf54091c4a0ca73d504fc11d5c31ab4041d17404fe3499945e2055697746c1,928
    pantry-tree:
      size: 212
      sha256: 9b516d4195fcea22cd1f4335cfe210e88deca397ba7dacc494d5a2feb69e1af8
  original:
    hackage: time-units-1.0.0
- completed:
    hackage: base64-0.4.2.2@sha256:7aaab1623fd3a003efc840f679d6f582b33536c8e508bd989bc88c22618fa6bd,2849
    pantry-tree:
      size: 2116
      sha256: d83c62f2c369dd8625e7abf2fbce72105885bd100c42b176ba77cffd0aa62909
  original:
    hackage: base64-0.4.2.2@sha256:7aaab1623fd3a003efc840f679d6f582b33536c8e508bd989bc88c22618fa6bd,2849
- completed:
    hackage: ghc-byteorder-4.11.0.0.10@sha256:5ee4a907279bfec27b0f9de7b8fba4cecfd34395a0235a7784494de70ad4e98f,1535
    pantry-tree:
      size: 169
      sha256: 54a4636f72c3b9eff7f081714cb1a7b809fc1f3b2e239caaf0d65d79aa9cb56f
  original:
    hackage: ghc-byteorder-4.11.0.0.10@sha256:5ee4a907279bfec27b0f9de7b8fba4cecfd34395a0235a7784494de70ad4e98f,1535
snapshots:
- completed:
    size: 525663
    url: https://raw.githubusercontent.com/commercialhaskell/stackage-snapshots/master/lts/14/14.yaml
    sha256: 6edc48df46eb8bf7b861e98dd30d021a92c2e1820c9bb6528aac5d997b0e14ef
  original: lts-14.14
