# This file was autogenerated by Stack.
# You should not edit this file by hand.
# For more information, please see the documentation at:
#   https://docs.haskellstack.org/en/stable/lock_files

packages:
- completed:
    hackage: protolude-0.2.4@sha256:8bcf18da79be0832fccdd4cd5770e20baa4caec61c141d7119632a830b4096a9,2191
    pantry-tree:
      size: 1438
      sha256: 9d8560e5514bac03fa00a37195d683ee628169a502c263b8d94588bfeb0ba097
  original:
    hackage: protolude-0.2.4@sha256:8bcf18da79be0832fccdd4cd5770e20baa4caec61c141d7119632a830b4096a9,2191
- completed:
    hackage: unliftio-core-0.1.2.0@sha256:7f9b48adef8e36da0202e6e70a733a5e210263ed4177c93e47a4b3f89694194b,1081
    pantry-tree:
      size: 328
      sha256: 72be5813b35ba78db99459fb73a553a58b95a393005fdffb96eec3c1244f90c4
  original:
    hackage: unliftio-core-0.1.2.0@sha256:7f9b48adef8e36da0202e6e70a733a5e210263ed4177c93e47a4b3f89694194b,1081
- completed:
    hackage: mime-0.4.0.2@sha256:208947d9d1a19d08850be67ecb28c6e776db697f3bba05bd9d682e51a59f241f,983
    pantry-tree:
      size: 565
      sha256: f2529a2e1678074ca0340ff60caa986f4e246d7d9abe8186657910c2900364bb
  original:
    hackage: mime-0.4.0.2
- completed:
    hackage: squeal-postgresql-0.5.1.0@sha256:731c2bc1dbf3b02ffc8a3fe2b9215655c2b8e06aa49d18cd6ae66d91de03391f,3449
    pantry-tree:
      size: 2959
      sha256: bbd3ee0aff2c824b5184ce62ca801d073c2c1ce1ece0af51c994891fe9e40f47
  original:
    hackage: squeal-postgresql-0.5.1.0
- completed:
    hackage: time-units-1.0.0@sha256:27cf54091c4a0ca73d504fc11d5c31ab4041d17404fe3499945e2055697746c1,928
    pantry-tree:
      size: 212
      sha256: 9b516d4195fcea22cd1f4335cfe210e88deca397ba7dacc494d5a2feb69e1af8
  original:
    hackage: time-units-1.0.0
snapshots:
- completed:
    size: 525663
    url: https://raw.githubusercontent.com/commercialhaskell/stackage-snapshots/master/lts/14/14.yaml
    sha256: 6edc48df46eb8bf7b861e98dd30d021a92c2e1820c9bb6528aac5d997b0e14ef
  original: lts-14.14
