# This file was autogenerated by Stack.
# You should not edit this file by hand.
# For more information, please see the documentation at:
#   https://docs.haskellstack.org/en/stable/lock_files

packages:
- completed:
    hackage: mime-0.4.0.2@sha256:208947d9d1a19d08850be67ecb28c6e776db697f3bba05bd9d682e51a59f241f,983
    pantry-tree:
      sha256: f2529a2e1678074ca0340ff60caa986f4e246d7d9abe8186657910c2900364bb
      size: 565
  original:
    hackage: mime-0.4.0.2
- completed:
    hackage: servant-lucid-0.9.0.6@sha256:4a557ab3c535f9e267b0f614375aa2d9db070997ac566d5ffde8d8cb47a51376,1804
    pantry-tree:
      sha256: d1c55089c3d69efb3ebf0ddd913eb2e3582e58d849d78116cc0b417a049b0a9f
      size: 392
  original:
    hackage: servant-lucid-0.9.0.6@sha256:4a557ab3c535f9e267b0f614375aa2d9db070997ac566d5ffde8d8cb47a51376,1804
- completed:
    commit: e081929d5a81f30397c9c9a219b154da1a922fb8
    git: https://github.com/brendanhay/amazonka.git
    name: amazonka
    pantry-tree:
      sha256: 01c7121bd5e4a3918a71ea6502412292c97facf20c9620f07af96e423d6437e2
      size: 1528
    subdir: lib/amazonka
    version: '2.0'
  original:
    commit: e081929d5a81f30397c9c9a219b154da1a922fb8
    git: https://github.com/brendanhay/amazonka.git
    subdir: lib/amazonka
- completed:
    commit: e081929d5a81f30397c9c9a219b154da1a922fb8
    git: https://github.com/brendanhay/amazonka.git
    name: amazonka-core
    pantry-tree:
      sha256: 46e7e4de910b08ee2df98db9cda2becf388ce49510024018289a46c43e175ee0
      size: 3222
    subdir: lib/amazonka-core
    version: '2.0'
  original:
    commit: e081929d5a81f30397c9c9a219b154da1a922fb8
    git: https://github.com/brendanhay/amazonka.git
    subdir: lib/amazonka-core
- completed:
    commit: e081929d5a81f30397c9c9a219b154da1a922fb8
    git: https://github.com/brendanhay/amazonka.git
    name: amazonka-lambda
    pantry-tree:
      sha256: da8f346de9d1eb0fb12afa91e44f8179ac05176043919346e2e72a7880b7a9e5
      size: 21343
    subdir: lib/services/amazonka-lambda
    version: '2.0'
  original:
    commit: e081929d5a81f30397c9c9a219b154da1a922fb8
    git: https://github.com/brendanhay/amazonka.git
    subdir: lib/services/amazonka-lambda
- completed:
    commit: e081929d5a81f30397c9c9a219b154da1a922fb8
    git: https://github.com/brendanhay/amazonka.git
    name: amazonka-ses
    pantry-tree:
      sha256: c3fa3cf8a4c008d34526a859d50fca579e301edf1db1fefd70fd9c937d6f4f00
      size: 22928
    subdir: lib/services/amazonka-ses
    version: '2.0'
  original:
    commit: e081929d5a81f30397c9c9a219b154da1a922fb8
    git: https://github.com/brendanhay/amazonka.git
    subdir: lib/services/amazonka-ses
- completed:
    commit: e081929d5a81f30397c9c9a219b154da1a922fb8
    git: https://github.com/brendanhay/amazonka.git
    name: amazonka-sso
    pantry-tree:
      sha256: f87dd959a78bf54295bd6f8c7da58f7f8f860251d5548ecb05ab758e03cba50b
      size: 1817
    subdir: lib/services/amazonka-sso
    version: '2.0'
  original:
    commit: e081929d5a81f30397c9c9a219b154da1a922fb8
    git: https://github.com/brendanhay/amazonka.git
    subdir: lib/services/amazonka-sso
- completed:
    commit: e081929d5a81f30397c9c9a219b154da1a922fb8
    git: https://github.com/brendanhay/amazonka.git
    name: amazonka-sts
    pantry-tree:
      sha256: bde4691af7cac74e0a3705271b4d3ac05515863bfb6f668112e3f3950a27cb41
      size: 2880
    subdir: lib/services/amazonka-sts
    version: '2.0'
  original:
    commit: e081929d5a81f30397c9c9a219b154da1a922fb8
    git: https://github.com/brendanhay/amazonka.git
    subdir: lib/services/amazonka-sts
- completed:
    hackage: crypton-0.33@sha256:5e92f29b9b7104d91fcdda1dec9400c9ad1f1791c231cc41ceebd783fb517dee,18202
    pantry-tree:
      sha256: 38809499d7f9775ef45cd29ab5c3dc9b283a813f34c1cdc56681b24f8cf8bb4f
      size: 23148
  original:
    hackage: crypton-0.33@sha256:5e92f29b9b7104d91fcdda1dec9400c9ad1f1791c231cc41ceebd783fb517dee,18202
snapshots:
- completed:
    sha256: 428ec8d5ce932190d3cbe266b9eb3c175cd81e984babf876b64019e2cbe4ea68
    size: 590100
    url: https://raw.githubusercontent.com/commercialhaskell/stackage-snapshots/master/lts/18/28.yaml
  original: lts-18.28
